
Microsoft Visual Studio Solution File, Format Version 12.00
# Visual Studio 14
VisualStudioVersion = 14.0.25420.1
MinimumVisualStudioVersion = 10.0.40219.1
Project("{2150E333-8FDC-42A3-9474-1A3956D46DE8}") = "01.91itsoft.Presentation", "01.91itsoft.Presentation", "{7FB55C2D-A19E-4FC5-B21D-89EBD72296B4}"
EndProject
Project("{2150E333-8FDC-42A3-9474-1A3956D46DE8}") = "02.91itsoft.Application", "02.91itsoft.Application", "{B4D6B1D2-69C2-465C-A84B-D71CB99F3636}"
EndProject
Project("{2150E333-8FDC-42A3-9474-1A3956D46DE8}") = "03.91itsoft.Domain", "03.91itsoft.Domain", "{832B34E5-396B-43B6-AB5D-B6508E9CA2E5}"
EndProject
Project("{2150E333-8FDC-42A3-9474-1A3956D46DE8}") = "04.91itsoft.Infrastructure", "04.91itsoft.Infrastructure", "{1CBB4056-AED5-4393-89C7-5E9253DD5296}"
EndProject
Project("{FAE04EC0-301F-11D3-BF4B-00C04F79EFBC}") = "91itsoft.PlatSystem", "01.91itsoft.Presentation\91itsoft.PlatSystem\91itsoft.PlatSystem.csproj", "{81CCF209-0234-4BE4-A6C3-ED23C1DB1B6F}"
EndProject
Project("{FAE04EC0-301F-11D3-BF4B-00C04F79EFBC}") = "91itsoft.H5", "01.91itsoft.Presentation\91itsoft.H5\91itsoft.H5.csproj", "{9ECFF6BF-B27D-47DB-821E-359A05650CEC}"
EndProject
Project("{FAE04EC0-301F-11D3-BF4B-00C04F79EFBC}") = "91itsoft.Domain", "03.91itsoft.Domain\91itsoft.Domain\91itsoft.Domain.csproj", "{511B68D5-9E13-481A-9718-3F0631D47A09}"
EndProject
Project("{FAE04EC0-301F-11D3-BF4B-00C04F79EFBC}") = "91itsoft.Application", "02.91itsoft.Application\91itsoft.Application\91itsoft.Application.csproj", "{228B122C-8BF8-47BD-BF7B-50B37877884F}"
EndProject
Project("{FAE04EC0-301F-11D3-BF4B-00C04F79EFBC}") = "91itsoft.Infrastructure", "04.91itsoft.Infrastructure\91itsoft.Infrastructure\91itsoft.Infrastructure.csproj", "{E1E238B7-BFA3-4F5C-B3E0-B8D3EC122544}"
EndProject
Project("{FAE04EC0-301F-11D3-BF4B-00C04F79EFBC}") = "91itsoft.Infrastructure.Repository", "04.91itsoft.Infrastructure\91itsoft.Infrastructure.Repository\91itsoft.Infrastructure.Repository.csproj", "{689052DD-8D92-4E75-ABC5-7DE6D1C8D3B7}"
EndProject
Project("{FAE04EC0-301F-11D3-BF4B-00C04F79EFBC}") = "91itsoft.Infrastructure.ModuleIOC", "04.91itsoft.Infrastructure\91itsoft.Infrastructure.ModuleIOC\91itsoft.Infrastructure.ModuleIOC.csproj", "{102D0C4C-BD04-45F5-B4DB-C33988BB96DD}"
EndProject
Project("{FAE04EC0-301F-11D3-BF4B-00C04F79EFBC}") = "91itsoft.Infrastructure.Utility", "04.91itsoft.Infrastructure\91itsoft.Infrastructure.Utility\91itsoft.Infrastructure.Utility.csproj", "{C40E4C6B-D1A4-4EA2-9377-A9B6EE426792}"
EndProject
Project("{FAE04EC0-301F-11D3-BF4B-00C04F79EFBC}") = "91itsoft.Infrastructure.Authorize", "04.91itsoft.Infrastructure\91itsoft.Infrastructure.Authorize\91itsoft.Infrastructure.Authorize.csproj", "{CE13DAD6-18F3-469F-8269-66F332D0AE8C}"
EndProject
Project("{2150E333-8FDC-42A3-9474-1A3956D46DE8}") = "04-01.91itsoft.Infrastructure.Plugins", "04-01.91itsoft.Infrastructure.Plugins", "{93BA3396-4D06-4649-9505-1B0D679051F8}"
EndProject
Project("{2150E333-8FDC-42A3-9474-1A3956D46DE8}") = "Cache", "Cache", "{E97A4A4A-8341-4E7F-BE2D-052C7C130FA7}"
EndProject
Project("{FAE04EC0-301F-11D3-BF4B-00C04F79EFBC}") = "91itsoft.Plugin.Cache", "04.91itsoft.Infrastructure\04-01.91itsoft.Infrastructure.Plugins\Cache\91itsoft.Plugin.Cache\91itsoft.Plugin.Cache.csproj", "{95D3A390-0186-41F1-9999-85109BF0639B}"
EndProject
Project("{FAE04EC0-301F-11D3-BF4B-00C04F79EFBC}") = "91itsoft.Plugin.Cache.AspNet", "04.91itsoft.Infrastructure\04-01.91itsoft.Infrastructure.Plugins\Cache\91itsoft.Plugin.Cache.AspNet\91itsoft.Plugin.Cache.AspNet.csproj", "{B3179717-C3AD-4711-AFCA-8BD308C062FC}"
EndProject
Project("{FAE04EC0-301F-11D3-BF4B-00C04F79EFBC}") = "91itsoft.Infrastructure.Tests", "04.91itsoft.Infrastructure\91itsoft.Infrastructure.Tests\91itsoft.Infrastructure.Tests.csproj", "{EA1018CD-FC2B-4E03-B3B4-DD6886485AB3}"
EndProject
Project("{2150E333-8FDC-42A3-9474-1A3956D46DE8}") = "Mseeage", "Mseeage", "{6ADEF153-EF3A-4130-A86D-D64192E333AD}"
EndProject
Project("{2150E333-8FDC-42A3-9474-1A3956D46DE8}") = "Payment", "Payment", "{DA7B8A2D-F967-4BB1-83A7-A9B9C5E74A01}"
EndProject
Project("{2150E333-8FDC-42A3-9474-1A3956D46DE8}") = "Auth", "Auth", "{3AE0CE74-65A6-489E-8A64-332A9F564042}"
EndProject
Global
	GlobalSection(SolutionConfigurationPlatforms) = preSolution
		Debug|Any CPU = Debug|Any CPU
		Release|Any CPU = Release|Any CPU
	EndGlobalSection
	GlobalSection(ProjectConfigurationPlatforms) = postSolution
		{81CCF209-0234-4BE4-A6C3-ED23C1DB1B6F}.Debug|Any CPU.ActiveCfg = Debug|Any CPU
		{81CCF209-0234-4BE4-A6C3-ED23C1DB1B6F}.Debug|Any CPU.Build.0 = Debug|Any CPU
		{81CCF209-0234-4BE4-A6C3-ED23C1DB1B6F}.Release|Any CPU.ActiveCfg = Release|Any CPU
		{81CCF209-0234-4BE4-A6C3-ED23C1DB1B6F}.Release|Any CPU.Build.0 = Release|Any CPU
		{9ECFF6BF-B27D-47DB-821E-359A05650CEC}.Debug|Any CPU.ActiveCfg = Debug|Any CPU
		{9ECFF6BF-B27D-47DB-821E-359A05650CEC}.Debug|Any CPU.Build.0 = Debug|Any CPU
		{9ECFF6BF-B27D-47DB-821E-359A05650CEC}.Release|Any CPU.ActiveCfg = Release|Any CPU
		{9ECFF6BF-B27D-47DB-821E-359A05650CEC}.Release|Any CPU.Build.0 = Release|Any CPU
		{511B68D5-9E13-481A-9718-3F0631D47A09}.Debug|Any CPU.ActiveCfg = Debug|Any CPU
		{511B68D5-9E13-481A-9718-3F0631D47A09}.Debug|Any CPU.Build.0 = Debug|Any CPU
		{511B68D5-9E13-481A-9718-3F0631D47A09}.Release|Any CPU.ActiveCfg = Release|Any CPU
		{511B68D5-9E13-481A-9718-3F0631D47A09}.Release|Any CPU.Build.0 = Release|Any CPU
		{228B122C-8BF8-47BD-BF7B-50B37877884F}.Debug|Any CPU.ActiveCfg = Debug|Any CPU
		{228B122C-8BF8-47BD-BF7B-50B37877884F}.Debug|Any CPU.Build.0 = Debug|Any CPU
		{228B122C-8BF8-47BD-BF7B-50B37877884F}.Release|Any CPU.ActiveCfg = Release|Any CPU
		{228B122C-8BF8-47BD-BF7B-50B37877884F}.Release|Any CPU.Build.0 = Release|Any CPU
		{E1E238B7-BFA3-4F5C-B3E0-B8D3EC122544}.Debug|Any CPU.ActiveCfg = Debug|Any CPU
		{E1E238B7-BFA3-4F5C-B3E0-B8D3EC122544}.Debug|Any CPU.Build.0 = Debug|Any CPU
		{E1E238B7-BFA3-4F5C-B3E0-B8D3EC122544}.Release|Any CPU.ActiveCfg = Release|Any CPU
		{E1E238B7-BFA3-4F5C-B3E0-B8D3EC122544}.Release|Any CPU.Build.0 = Release|Any CPU
		{689052DD-8D92-4E75-ABC5-7DE6D1C8D3B7}.Debug|Any CPU.ActiveCfg = Debug|Any CPU
		{689052DD-8D92-4E75-ABC5-7DE6D1C8D3B7}.Debug|Any CPU.Build.0 = Debug|Any CPU
		{689052DD-8D92-4E75-ABC5-7DE6D1C8D3B7}.Release|Any CPU.ActiveCfg = Release|Any CPU
		{689052DD-8D92-4E75-ABC5-7DE6D1C8D3B7}.Release|Any CPU.Build.0 = Release|Any CPU
		{102D0C4C-BD04-45F5-B4DB-C33988BB96DD}.Debug|Any CPU.ActiveCfg = Debug|Any CPU
		{102D0C4C-BD04-45F5-B4DB-C33988BB96DD}.Debug|Any CPU.Build.0 = Debug|Any CPU
		{102D0C4C-BD04-45F5-B4DB-C33988BB96DD}.Release|Any CPU.ActiveCfg = Release|Any CPU
		{102D0C4C-BD04-45F5-B4DB-C33988BB96DD}.Release|Any CPU.Build.0 = Release|Any CPU
		{C40E4C6B-D1A4-4EA2-9377-A9B6EE426792}.Debug|Any CPU.ActiveCfg = Debug|Any CPU
		{C40E4C6B-D1A4-4EA2-9377-A9B6EE426792}.Debug|Any CPU.Build.0 = Debug|Any CPU
		{C40E4C6B-D1A4-4EA2-9377-A9B6EE426792}.Release|Any CPU.ActiveCfg = Release|Any CPU
		{C40E4C6B-D1A4-4EA2-9377-A9B6EE426792}.Release|Any CPU.Build.0 = Release|Any CPU
		{CE13DAD6-18F3-469F-8269-66F332D0AE8C}.Debug|Any CPU.ActiveCfg = Debug|Any CPU
		{CE13DAD6-18F3-469F-8269-66F332D0AE8C}.Debug|Any CPU.Build.0 = Debug|Any CPU
		{CE13DAD6-18F3-469F-8269-66F332D0AE8C}.Release|Any CPU.ActiveCfg = Release|Any CPU
		{CE13DAD6-18F3-469F-8269-66F332D0AE8C}.Release|Any CPU.Build.0 = Release|Any CPU
		{95D3A390-0186-41F1-9999-85109BF0639B}.Debug|Any CPU.ActiveCfg = Debug|Any CPU
		{95D3A390-0186-41F1-9999-85109BF0639B}.Debug|Any CPU.Build.0 = Debug|Any CPU
		{95D3A390-0186-41F1-9999-85109BF0639B}.Release|Any CPU.ActiveCfg = Release|Any CPU
		{95D3A390-0186-41F1-9999-85109BF0639B}.Release|Any CPU.Build.0 = Release|Any CPU
		{B3179717-C3AD-4711-AFCA-8BD308C062FC}.Debug|Any CPU.ActiveCfg = Debug|Any CPU
		{B3179717-C3AD-4711-AFCA-8BD308C062FC}.Debug|Any CPU.Build.0 = Debug|Any CPU
		{B3179717-C3AD-4711-AFCA-8BD308C062FC}.Release|Any CPU.ActiveCfg = Release|Any CPU
		{B3179717-C3AD-4711-AFCA-8BD308C062FC}.Release|Any CPU.Build.0 = Release|Any CPU
		{EA1018CD-FC2B-4E03-B3B4-DD6886485AB3}.Debug|Any CPU.ActiveCfg = Debug|Any CPU
		{EA1018CD-FC2B-4E03-B3B4-DD6886485AB3}.Debug|Any CPU.Build.0 = Debug|Any CPU
		{EA1018CD-FC2B-4E03-B3B4-DD6886485AB3}.Release|Any CPU.ActiveCfg = Release|Any CPU
		{EA1018CD-FC2B-4E03-B3B4-DD6886485AB3}.Release|Any CPU.Build.0 = Release|Any CPU
	EndGlobalSection
	GlobalSection(SolutionProperties) = preSolution
		HideSolutionNode = FALSE
	EndGlobalSection
	GlobalSection(NestedProjects) = preSolution
		{81CCF209-0234-4BE4-A6C3-ED23C1DB1B6F} = {7FB55C2D-A19E-4FC5-B21D-89EBD72296B4}
		{9ECFF6BF-B27D-47DB-821E-359A05650CEC} = {7FB55C2D-A19E-4FC5-B21D-89EBD72296B4}
		{511B68D5-9E13-481A-9718-3F0631D47A09} = {832B34E5-396B-43B6-AB5D-B6508E9CA2E5}
		{228B122C-8BF8-47BD-BF7B-50B37877884F} = {B4D6B1D2-69C2-465C-A84B-D71CB99F3636}
		{E1E238B7-BFA3-4F5C-B3E0-B8D3EC122544} = {1CBB4056-AED5-4393-89C7-5E9253DD5296}
		{689052DD-8D92-4E75-ABC5-7DE6D1C8D3B7} = {1CBB4056-AED5-4393-89C7-5E9253DD5296}
		{102D0C4C-BD04-45F5-B4DB-C33988BB96DD} = {1CBB4056-AED5-4393-89C7-5E9253DD5296}
		{C40E4C6B-D1A4-4EA2-9377-A9B6EE426792} = {1CBB4056-AED5-4393-89C7-5E9253DD5296}
		{CE13DAD6-18F3-469F-8269-66F332D0AE8C} = {1CBB4056-AED5-4393-89C7-5E9253DD5296}
		{93BA3396-4D06-4649-9505-1B0D679051F8} = {1CBB4056-AED5-4393-89C7-5E9253DD5296}
		{E97A4A4A-8341-4E7F-BE2D-052C7C130FA7} = {93BA3396-4D06-4649-9505-1B0D679051F8}
		{95D3A390-0186-41F1-9999-85109BF0639B} = {E97A4A4A-8341-4E7F-BE2D-052C7C130FA7}
		{B3179717-C3AD-4711-AFCA-8BD308C062FC} = {E97A4A4A-8341-4E7F-BE2D-052C7C130FA7}
		{EA1018CD-FC2B-4E03-B3B4-DD6886485AB3} = {1CBB4056-AED5-4393-89C7-5E9253DD5296}
		{6ADEF153-EF3A-4130-A86D-D64192E333AD} = {93BA3396-4D06-4649-9505-1B0D679051F8}
		{DA7B8A2D-F967-4BB1-83A7-A9B9C5E74A01} = {93BA3396-4D06-4649-9505-1B0D679051F8}
		{3AE0CE74-65A6-489E-8A64-332A9F564042} = {93BA3396-4D06-4649-9505-1B0D679051F8}
	EndGlobalSection
EndGlobal
